// !$*UTF8*$!
{
	archiveVersion = 1;
	classes = {
	};
	objectVersion = 56;
	objects = {

/* Begin PBXBuildFile section */
		490B2F0A2BE9741C0046B6CA /* HangmanVC.swift in Sources */ = {isa = PBXBuildFile; fileRef = 490B2F092BE9741C0046B6CA /* HangmanVC.swift */; };
		49BD85862BD7DFA9004D71C2 /* AppDelegate.swift in Sources */ = {isa = PBXBuildFile; fileRef = 49BD85852BD7DFA9004D71C2 /* AppDelegate.swift */; };
		49BD85882BD7DFA9004D71C2 /* SceneDelegate.swift in Sources */ = {isa = PBXBuildFile; fileRef = 49BD85872BD7DFA9004D71C2 /* SceneDelegate.swift */; };
		49BD858A2BD7DFA9004D71C2 /* FeedVC.swift in Sources */ = {isa = PBXBuildFile; fileRef = 49BD85892BD7DFA9004D71C2 /* FeedVC.swift */; };
		49BD858F2BD7DFAA004D71C2 /* Assets.xcassets in Resources */ = {isa = PBXBuildFile; fileRef = 49BD858E2BD7DFAA004D71C2 /* Assets.xcassets */; };
		49BD85922BD7DFAA004D71C2 /* Base in Resources */ = {isa = PBXBuildFile; fileRef = 49BD85912BD7DFAA004D71C2 /* Base */; };
		49BD859D2BD7E0BA004D71C2 /* SnapKit in Frameworks */ = {isa = PBXBuildFile; productRef = 49BD859C2BD7E0BA004D71C2 /* SnapKit */; };
		49BD85A02BD7E185004D71C2 /* NewsTableCell.swift in Sources */ = {isa = PBXBuildFile; fileRef = 49BD859F2BD7E185004D71C2 /* NewsTableCell.swift */; };
		49BD85A22BD7E28C004D71C2 /* NewsDetailVC.swift in Sources */ = {isa = PBXBuildFile; fileRef = 49BD85A12BD7E28C004D71C2 /* NewsDetailVC.swift */; };
		49BD85A42BD9212D004D71C2 /* news.json in Resources */ = {isa = PBXBuildFile; fileRef = 49BD85A32BD9212D004D71C2 /* news.json */; };
		49BD85A72BD92148004D71C2 /* NetworkManager.swift in Sources */ = {isa = PBXBuildFile; fileRef = 49BD85A62BD92148004D71C2 /* NetworkManager.swift */; };
		49BD85AA2BD921D9004D71C2 /* News.swift in Sources */ = {isa = PBXBuildFile; fileRef = 49BD85A92BD921D9004D71C2 /* News.swift */; };
		49BD85AD2BD92AC5004D71C2 /* String+Ext.swift in Sources */ = {isa = PBXBuildFile; fileRef = 49BD85AC2BD92AC5004D71C2 /* String+Ext.swift */; };
		49BD85AF2BD92BA9004D71C2 /* View+Ext.swift in Sources */ = {isa = PBXBuildFile; fileRef = 49BD85AE2BD92BA9004D71C2 /* View+Ext.swift */; };
		49BD85B92BDEF146004D71C2 /* SearchVC.swift in Sources */ = {isa = PBXBuildFile; fileRef = 49BD85B82BDEF146004D71C2 /* SearchVC.swift */; };
		49BD85BB2BDEF3AC004D71C2 /* PlayerSearch.swift in Sources */ = {isa = PBXBuildFile; fileRef = 49BD85BA2BDEF3AC004D71C2 /* PlayerSearch.swift */; };
		49BD85BD2BDEFAD6004D71C2 /* SearchTableCell.swift in Sources */ = {isa = PBXBuildFile; fileRef = 49BD85BC2BDEFAD6004D71C2 /* SearchTableCell.swift */; };
		49BD85BF2BDF00B8004D71C2 /* SearchTableHeader.swift in Sources */ = {isa = PBXBuildFile; fileRef = 49BD85BE2BDF00B8004D71C2 /* SearchTableHeader.swift */; };
		49BD85C12BDF05E4004D71C2 /* PlayerData.swift in Sources */ = {isa = PBXBuildFile; fileRef = 49BD85C02BDF05E4004D71C2 /* PlayerData.swift */; };
		49BD85C32BDF0661004D71C2 /* PlayerDataVC.swift in Sources */ = {isa = PBXBuildFile; fileRef = 49BD85C22BDF0661004D71C2 /* PlayerDataVC.swift */; };
		49BD85C52BE255C2004D71C2 /* SearchClubVC.swift in Sources */ = {isa = PBXBuildFile; fileRef = 49BD85C42BE255C2004D71C2 /* SearchClubVC.swift */; };
		49BD85C72BE256E0004D71C2 /* Club.swift in Sources */ = {isa = PBXBuildFile; fileRef = 49BD85C62BE256E0004D71C2 /* Club.swift */; };
		49BD85C92BE257D4004D71C2 /* SearchClubTableCell.swift in Sources */ = {isa = PBXBuildFile; fileRef = 49BD85C82BE257D4004D71C2 /* SearchClubTableCell.swift */; };
		49BD85CB2BE25B38004D71C2 /* TeamDataVC.swift in Sources */ = {isa = PBXBuildFile; fileRef = 49BD85CA2BE25B38004D71C2 /* TeamDataVC.swift */; };
		49BD85CD2BE3E164004D71C2 /* GroupsVC.swift in Sources */ = {isa = PBXBuildFile; fileRef = 49BD85CC2BE3E164004D71C2 /* GroupsVC.swift */; };
		49BD85CF2BE3E17B004D71C2 /* Group.swift in Sources */ = {isa = PBXBuildFile; fileRef = 49BD85CE2BE3E17B004D71C2 /* Group.swift */; };
		49BD85D12BE3E199004D71C2 /* GroupCell.swift in Sources */ = {isa = PBXBuildFile; fileRef = 49BD85D02BE3E199004D71C2 /* GroupCell.swift */; };
		49BD85D32BE6E591004D71C2 /* GuessPlayerVC.swift in Sources */ = {isa = PBXBuildFile; fileRef = 49BD85D22BE6E591004D71C2 /* GuessPlayerVC.swift */; };
/* End PBXBuildFile section */

/* Begin PBXFileReference section */
		490B2F092BE9741C0046B6CA /* HangmanVC.swift */ = {isa = PBXFileReference; lastKnownFileType = sourcecode.swift; path = HangmanVC.swift; sourceTree = "<group>"; };
		49BD85822BD7DFA9004D71C2 /* SportNews.app */ = {isa = PBXFileReference; explicitFileType = wrapper.application; includeInIndex = 0; path = SportNews.app; sourceTree = BUILT_PRODUCTS_DIR; };
		49BD85852BD7DFA9004D71C2 /* AppDelegate.swift */ = {isa = PBXFileReference; lastKnownFileType = sourcecode.swift; path = AppDelegate.swift; sourceTree = "<group>"; };
		49BD85872BD7DFA9004D71C2 /* SceneDelegate.swift */ = {isa = PBXFileReference; lastKnownFileType = sourcecode.swift; path = SceneDelegate.swift; sourceTree = "<group>"; };
		49BD85892BD7DFA9004D71C2 /* FeedVC.swift */ = {isa = PBXFileReference; lastKnownFileType = sourcecode.swift; path = FeedVC.swift; sourceTree = "<group>"; };
		49BD858E2BD7DFAA004D71C2 /* Assets.xcassets */ = {isa = PBXFileReference; lastKnownFileType = folder.assetcatalog; path = Assets.xcassets; sourceTree = "<group>"; };
		49BD85912BD7DFAA004D71C2 /* Base */ = {isa = PBXFileReference; lastKnownFileType = file.storyboard; name = Base; path = Base.lproj/LaunchScreen.storyboard; sourceTree = "<group>"; };
		49BD85932BD7DFAA004D71C2 /* Info.plist */ = {isa = PBXFileReference; lastKnownFileType = text.plist.xml; path = Info.plist; sourceTree = "<group>"; };
		49BD859F2BD7E185004D71C2 /* NewsTableCell.swift */ = {isa = PBXFileReference; lastKnownFileType = sourcecode.swift; path = NewsTableCell.swift; sourceTree = "<group>"; };
		49BD85A12BD7E28C004D71C2 /* NewsDetailVC.swift */ = {isa = PBXFileReference; lastKnownFileType = sourcecode.swift; path = NewsDetailVC.swift; sourceTree = "<group>"; };
		49BD85A32BD9212D004D71C2 /* news.json */ = {isa = PBXFileReference; fileEncoding = 4; lastKnownFileType = text.json; path = news.json; sourceTree = "<group>"; };
		49BD85A62BD92148004D71C2 /* NetworkManager.swift */ = {isa = PBXFileReference; lastKnownFileType = sourcecode.swift; path = NetworkManager.swift; sourceTree = "<group>"; };
		49BD85A92BD921D9004D71C2 /* News.swift */ = {isa = PBXFileReference; lastKnownFileType = sourcecode.swift; path = News.swift; sourceTree = "<group>"; };
		49BD85AC2BD92AC5004D71C2 /* String+Ext.swift */ = {isa = PBXFileReference; lastKnownFileType = sourcecode.swift; path = "String+Ext.swift"; sourceTree = "<group>"; };
		49BD85AE2BD92BA9004D71C2 /* View+Ext.swift */ = {isa = PBXFileReference; lastKnownFileType = sourcecode.swift; path = "View+Ext.swift"; sourceTree = "<group>"; };
		49BD85B82BDEF146004D71C2 /* SearchVC.swift */ = {isa = PBXFileReference; lastKnownFileType = sourcecode.swift; path = SearchVC.swift; sourceTree = "<group>"; };
		49BD85BA2BDEF3AC004D71C2 /* PlayerSearch.swift */ = {isa = PBXFileReference; lastKnownFileType = sourcecode.swift; path = PlayerSearch.swift; sourceTree = "<group>"; };
		49BD85BC2BDEFAD6004D71C2 /* SearchTableCell.swift */ = {isa = PBXFileReference; lastKnownFileType = sourcecode.swift; path = SearchTableCell.swift; sourceTree = "<group>"; };
		49BD85BE2BDF00B8004D71C2 /* SearchTableHeader.swift */ = {isa = PBXFileReference; lastKnownFileType = sourcecode.swift; path = SearchTableHeader.swift; sourceTree = "<group>"; };
		49BD85C02BDF05E4004D71C2 /* PlayerData.swift */ = {isa = PBXFileReference; lastKnownFileType = sourcecode.swift; path = PlayerData.swift; sourceTree = "<group>"; };
		49BD85C22BDF0661004D71C2 /* PlayerDataVC.swift */ = {isa = PBXFileReference; lastKnownFileType = sourcecode.swift; path = PlayerDataVC.swift; sourceTree = "<group>"; };
		49BD85C42BE255C2004D71C2 /* SearchClubVC.swift */ = {isa = PBXFileReference; lastKnownFileType = sourcecode.swift; path = SearchClubVC.swift; sourceTree = "<group>"; };
		49BD85C62BE256E0004D71C2 /* Club.swift */ = {isa = PBXFileReference; lastKnownFileType = sourcecode.swift; path = Club.swift; sourceTree = "<group>"; };
		49BD85C82BE257D4004D71C2 /* SearchClubTableCell.swift */ = {isa = PBXFileReference; lastKnownFileType = sourcecode.swift; path = SearchClubTableCell.swift; sourceTree = "<group>"; };
		49BD85CA2BE25B38004D71C2 /* TeamDataVC.swift */ = {isa = PBXFileReference; lastKnownFileType = sourcecode.swift; path = TeamDataVC.swift; sourceTree = "<group>"; };
		49BD85CC2BE3E164004D71C2 /* GroupsVC.swift */ = {isa = PBXFileReference; lastKnownFileType = sourcecode.swift; path = GroupsVC.swift; sourceTree = "<group>"; };
		49BD85CE2BE3E17B004D71C2 /* Group.swift */ = {isa = PBXFileReference; lastKnownFileType = sourcecode.swift; path = Group.swift; sourceTree = "<group>"; };
		49BD85D02BE3E199004D71C2 /* GroupCell.swift */ = {isa = PBXFileReference; lastKnownFileType = sourcecode.swift; path = GroupCell.swift; sourceTree = "<group>"; };
		49BD85D22BE6E591004D71C2 /* GuessPlayerVC.swift */ = {isa = PBXFileReference; lastKnownFileType = sourcecode.swift; path = GuessPlayerVC.swift; sourceTree = "<group>"; };
/* End PBXFileReference section */

/* Begin PBXFrameworksBuildPhase section */
		49BD857F2BD7DFA9004D71C2 /* Frameworks */ = {
			isa = PBXFrameworksBuildPhase;
			buildActionMask = 2147483647;
			files = (
				49BD859D2BD7E0BA004D71C2 /* SnapKit in Frameworks */,
			);
			runOnlyForDeploymentPostprocessing = 0;
		};
/* End PBXFrameworksBuildPhase section */

/* Begin PBXGroup section */
		49BD85792BD7DFA9004D71C2 = {
			isa = PBXGroup;
			children = (
				49BD85842BD7DFA9004D71C2 /* SportNews */,
				49BD85832BD7DFA9004D71C2 /* Products */,
			);
			sourceTree = "<group>";
		};
		49BD85832BD7DFA9004D71C2 /* Products */ = {
			isa = PBXGroup;
			children = (
				49BD85822BD7DFA9004D71C2 /* SportNews.app */,
			);
			name = Products;
			sourceTree = "<group>";
		};
		49BD85842BD7DFA9004D71C2 /* SportNews */ = {
			isa = PBXGroup;
			children = (
				49BD85AB2BD92ABB004D71C2 /* Extension */,
				49BD85A82BD921D1004D71C2 /* Model */,
				49BD85A52BD92136004D71C2 /* Network */,
				49BD85A32BD9212D004D71C2 /* news.json */,
				49BD859E2BD7E170004D71C2 /* CustomView */,
				49BD859A2BD7E02C004D71C2 /* Views */,
				49BD85992BD7E01F004D71C2 /* Support */,
				49BD85932BD7DFAA004D71C2 /* Info.plist */,
			);
			path = SportNews;
			sourceTree = "<group>";
		};
		49BD85992BD7E01F004D71C2 /* Support */ = {
			isa = PBXGroup;
			children = (
				49BD85852BD7DFA9004D71C2 /* AppDelegate.swift */,
				49BD85872BD7DFA9004D71C2 /* SceneDelegate.swift */,
				49BD858E2BD7DFAA004D71C2 /* Assets.xcassets */,
				49BD85902BD7DFAA004D71C2 /* LaunchScreen.storyboard */,
			);
			path = Support;
			sourceTree = "<group>";
		};
		49BD859A2BD7E02C004D71C2 /* Views */ = {
			isa = PBXGroup;
			children = (
				49BD85892BD7DFA9004D71C2 /* FeedVC.swift */,
				49BD85A12BD7E28C004D71C2 /* NewsDetailVC.swift */,
				49BD85B82BDEF146004D71C2 /* SearchVC.swift */,
				49BD85C22BDF0661004D71C2 /* PlayerDataVC.swift */,
				49BD85C42BE255C2004D71C2 /* SearchClubVC.swift */,
				49BD85CA2BE25B38004D71C2 /* TeamDataVC.swift */,
				49BD85CC2BE3E164004D71C2 /* GroupsVC.swift */,
				49BD85D22BE6E591004D71C2 /* GuessPlayerVC.swift */,
				490B2F092BE9741C0046B6CA /* HangmanVC.swift */,
			);
			path = Views;
			sourceTree = "<group>";
		};
		49BD859E2BD7E170004D71C2 /* CustomView */ = {
			isa = PBXGroup;
			children = (
				49BD859F2BD7E185004D71C2 /* NewsTableCell.swift */,
				49BD85BC2BDEFAD6004D71C2 /* SearchTableCell.swift */,
				49BD85BE2BDF00B8004D71C2 /* SearchTableHeader.swift */,
				49BD85C82BE257D4004D71C2 /* SearchClubTableCell.swift */,
				49BD85D02BE3E199004D71C2 /* GroupCell.swift */,
			);
			path = CustomView;
			sourceTree = "<group>";
		};
		49BD85A52BD92136004D71C2 /* Network */ = {
			isa = PBXGroup;
			children = (
				49BD85A62BD92148004D71C2 /* NetworkManager.swift */,
			);
			path = Network;
			sourceTree = "<group>";
		};
		49BD85A82BD921D1004D71C2 /* Model */ = {
			isa = PBXGroup;
			children = (
				49BD85A92BD921D9004D71C2 /* News.swift */,
				49BD85BA2BDEF3AC004D71C2 /* PlayerSearch.swift */,
				49BD85C02BDF05E4004D71C2 /* PlayerData.swift */,
				49BD85C62BE256E0004D71C2 /* Club.swift */,
				49BD85CE2BE3E17B004D71C2 /* Group.swift */,
			);
			path = Model;
			sourceTree = "<group>";
		};
		49BD85AB2BD92ABB004D71C2 /* Extension */ = {
			isa = PBXGroup;
			children = (
				49BD85AC2BD92AC5004D71C2 /* String+Ext.swift */,
				49BD85AE2BD92BA9004D71C2 /* View+Ext.swift */,
			);
			path = Extension;
			sourceTree = "<group>";
		};
/* End PBXGroup section */

/* Begin PBXNativeTarget section */
		49BD85812BD7DFA9004D71C2 /* SportNews */ = {
			isa = PBXNativeTarget;
			buildConfigurationList = 49BD85962BD7DFAA004D71C2 /* Build configuration list for PBXNativeTarget "SportNews" */;
			buildPhases = (
				49BD857E2BD7DFA9004D71C2 /* Sources */,
				49BD857F2BD7DFA9004D71C2 /* Frameworks */,
				49BD85802BD7DFA9004D71C2 /* Resources */,
			);
			buildRules = (
			);
			dependencies = (
			);
			name = SportNews;
			packageProductDependencies = (
				49BD859C2BD7E0BA004D71C2 /* SnapKit */,
			);
			productName = SportNews;
			productReference = 49BD85822BD7DFA9004D71C2 /* SportNews.app */;
			productType = "com.apple.product-type.application";
		};
/* End PBXNativeTarget section */

/* Begin PBXProject section */
		49BD857A2BD7DFA9004D71C2 /* Project object */ = {
			isa = PBXProject;
			attributes = {
				BuildIndependentTargetsInParallel = 1;
				LastSwiftUpdateCheck = 1530;
				LastUpgradeCheck = 1530;
				TargetAttributes = {
					49BD85812BD7DFA9004D71C2 = {
						CreatedOnToolsVersion = 15.3;
					};
				};
			};
			buildConfigurationList = 49BD857D2BD7DFA9004D71C2 /* Build configuration list for PBXProject "SportNews" */;
			compatibilityVersion = "Xcode 14.0";
			developmentRegion = en;
			hasScannedForEncodings = 0;
			knownRegions = (
				en,
				Base,
			);
			mainGroup = 49BD85792BD7DFA9004D71C2;
			packageReferences = (
				49BD859B2BD7E0BA004D71C2 /* XCRemoteSwiftPackageReference "SnapKit" */,
			);
			productRefGroup = 49BD85832BD7DFA9004D71C2 /* Products */;
			projectDirPath = "";
			projectRoot = "";
			targets = (
				49BD85812BD7DFA9004D71C2 /* SportNews */,
			);
		};
/* End PBXProject section */

/* Begin PBXResourcesBuildPhase section */
		49BD85802BD7DFA9004D71C2 /* Resources */ = {
			isa = PBXResourcesBuildPhase;
			buildActionMask = 2147483647;
			files = (
				49BD85A42BD9212D004D71C2 /* news.json in Resources */,
				49BD858F2BD7DFAA004D71C2 /* Assets.xcassets in Resources */,
				49BD85922BD7DFAA004D71C2 /* Base in Resources */,
			);
			runOnlyForDeploymentPostprocessing = 0;
		};
/* End PBXResourcesBuildPhase section */

/* Begin PBXSourcesBuildPhase section */
		49BD857E2BD7DFA9004D71C2 /* Sources */ = {
			isa = PBXSourcesBuildPhase;
			buildActionMask = 2147483647;
			files = (
				49BD85CF2BE3E17B004D71C2 /* Group.swift in Sources */,
				49BD85BB2BDEF3AC004D71C2 /* PlayerSearch.swift in Sources */,
				49BD85C32BDF0661004D71C2 /* PlayerDataVC.swift in Sources */,
				49BD85C52BE255C2004D71C2 /* SearchClubVC.swift in Sources */,
				49BD85A72BD92148004D71C2 /* NetworkManager.swift in Sources */,
				49BD85BD2BDEFAD6004D71C2 /* SearchTableCell.swift in Sources */,
				49BD85A22BD7E28C004D71C2 /* NewsDetailVC.swift in Sources */,
				49BD85C92BE257D4004D71C2 /* SearchClubTableCell.swift in Sources */,
				49BD85BF2BDF00B8004D71C2 /* SearchTableHeader.swift in Sources */,
				49BD85AF2BD92BA9004D71C2 /* View+Ext.swift in Sources */,
				49BD858A2BD7DFA9004D71C2 /* FeedVC.swift in Sources */,
				49BD85862BD7DFA9004D71C2 /* AppDelegate.swift in Sources */,
				49BD85C12BDF05E4004D71C2 /* PlayerData.swift in Sources */,
				49BD85D12BE3E199004D71C2 /* GroupCell.swift in Sources */,
				49BD85AA2BD921D9004D71C2 /* News.swift in Sources */,
				49BD85B92BDEF146004D71C2 /* SearchVC.swift in Sources */,
				49BD85D32BE6E591004D71C2 /* GuessPlayerVC.swift in Sources */,
				49BD85CD2BE3E164004D71C2 /* GroupsVC.swift in Sources */,
				49BD85882BD7DFA9004D71C2 /* SceneDelegate.swift in Sources */,
				49BD85C72BE256E0004D71C2 /* Club.swift in Sources */,
				49BD85CB2BE25B38004D71C2 /* TeamDataVC.swift in Sources */,
				490B2F0A2BE9741C0046B6CA /* HangmanVC.swift in Sources */,
				49BD85AD2BD92AC5004D71C2 /* String+Ext.swift in Sources */,
				49BD85A02BD7E185004D71C2 /* NewsTableCell.swift in Sources */,
			);
			runOnlyForDeploymentPostprocessing = 0;
		};
/* End PBXSourcesBuildPhase section */

/* Begin PBXVariantGroup section */
		49BD85902BD7DFAA004D71C2 /* LaunchScreen.storyboard */ = {
			isa = PBXVariantGroup;
			children = (
				49BD85912BD7DFAA004D71C2 /* Base */,
			);
			name = LaunchScreen.storyboard;
			sourceTree = "<group>";
		};
/* End PBXVariantGroup section */

/* Begin XCBuildConfiguration section */
		49BD85942BD7DFAA004D71C2 /* Debug */ = {
			isa = XCBuildConfiguration;
			buildSettings = {
				ALWAYS_SEARCH_USER_PATHS = NO;
				ASSETCATALOG_COMPILER_GENERATE_SWIFT_ASSET_SYMBOL_EXTENSIONS = YES;
				CLANG_ANALYZER_NONNULL = YES;
				CLANG_ANALYZER_NUMBER_OBJECT_CONVERSION = YES_AGGRESSIVE;
				CLANG_CXX_LANGUAGE_STANDARD = "gnu++20";
				CLANG_ENABLE_MODULES = YES;
				CLANG_ENABLE_OBJC_ARC = YES;
				CLANG_ENABLE_OBJC_WEAK = YES;
				CLANG_WARN_BLOCK_CAPTURE_AUTORELEASING = YES;
				CLANG_WARN_BOOL_CONVERSION = YES;
				CLANG_WARN_COMMA = YES;
				CLANG_WARN_CONSTANT_CONVERSION = YES;
				CLANG_WARN_DEPRECATED_OBJC_IMPLEMENTATIONS = YES;
				CLANG_WARN_DIRECT_OBJC_ISA_USAGE = YES_ERROR;
				CLANG_WARN_DOCUMENTATION_COMMENTS = YES;
				CLANG_WARN_EMPTY_BODY = YES;
				CLANG_WARN_ENUM_CONVERSION = YES;
				CLANG_WARN_INFINITE_RECURSION = YES;
				CLANG_WARN_INT_CONVERSION = YES;
				CLANG_WARN_NON_LITERAL_NULL_CONVERSION = YES;
				CLANG_WARN_OBJC_IMPLICIT_RETAIN_SELF = YES;
				CLANG_WARN_OBJC_LITERAL_CONVERSION = YES;
				CLANG_WARN_OBJC_ROOT_CLASS = YES_ERROR;
				CLANG_WARN_QUOTED_INCLUDE_IN_FRAMEWORK_HEADER = YES;
				CLANG_WARN_RANGE_LOOP_ANALYSIS = YES;
				CLANG_WARN_STRICT_PROTOTYPES = YES;
				CLANG_WARN_SUSPICIOUS_MOVE = YES;
				CLANG_WARN_UNGUARDED_AVAILABILITY = YES_AGGRESSIVE;
				CLANG_WARN_UNREACHABLE_CODE = YES;
				CLANG_WARN__DUPLICATE_METHOD_MATCH = YES;
				COPY_PHASE_STRIP = NO;
				DEBUG_INFORMATION_FORMAT = dwarf;
				ENABLE_STRICT_OBJC_MSGSEND = YES;
				ENABLE_TESTABILITY = YES;
				ENABLE_USER_SCRIPT_SANDBOXING = YES;
				GCC_C_LANGUAGE_STANDARD = gnu17;
				GCC_DYNAMIC_NO_PIC = NO;
				GCC_NO_COMMON_BLOCKS = YES;
				GCC_OPTIMIZATION_LEVEL = 0;
				GCC_PREPROCESSOR_DEFINITIONS = (
					"DEBUG=1",
					"$(inherited)",
				);
				GCC_WARN_64_TO_32_BIT_CONVERSION = YES;
				GCC_WARN_ABOUT_RETURN_TYPE = YES_ERROR;
				GCC_WARN_UNDECLARED_SELECTOR = YES;
				GCC_WARN_UNINITIALIZED_AUTOS = YES_AGGRESSIVE;
				GCC_WARN_UNUSED_FUNCTION = YES;
				GCC_WARN_UNUSED_VARIABLE = YES;
				IPHONEOS_DEPLOYMENT_TARGET = 17.4;
				LOCALIZATION_PREFERS_STRING_CATALOGS = YES;
				MTL_ENABLE_DEBUG_INFO = INCLUDE_SOURCE;
				MTL_FAST_MATH = YES;
				ONLY_ACTIVE_ARCH = YES;
				SDKROOT = iphoneos;
				SWIFT_ACTIVE_COMPILATION_CONDITIONS = "DEBUG $(inherited)";
				SWIFT_OPTIMIZATION_LEVEL = "-Onone";
			};
			name = Debug;
		};
		49BD85952BD7DFAA004D71C2 /* Release */ = {
			isa = XCBuildConfiguration;
			buildSettings = {
				ALWAYS_SEARCH_USER_PATHS = NO;
				ASSETCATALOG_COMPILER_GENERATE_SWIFT_ASSET_SYMBOL_EXTENSIONS = YES;
				CLANG_ANALYZER_NONNULL = YES;
				CLANG_ANALYZER_NUMBER_OBJECT_CONVERSION = YES_AGGRESSIVE;
				CLANG_CXX_LANGUAGE_STANDARD = "gnu++20";
				CLANG_ENABLE_MODULES = YES;
				CLANG_ENABLE_OBJC_ARC = YES;
				CLANG_ENABLE_OBJC_WEAK = YES;
				CLANG_WARN_BLOCK_CAPTURE_AUTORELEASING = YES;
				CLANG_WARN_BOOL_CONVERSION = YES;
				CLANG_WARN_COMMA = YES;
				CLANG_WARN_CONSTANT_CONVERSION = YES;
				CLANG_WARN_DEPRECATED_OBJC_IMPLEMENTATIONS = YES;
				CLANG_WARN_DIRECT_OBJC_ISA_USAGE = YES_ERROR;
				CLANG_WARN_DOCUMENTATION_COMMENTS = YES;
				CLANG_WARN_EMPTY_BODY = YES;
				CLANG_WARN_ENUM_CONVERSION = YES;
				CLANG_WARN_INFINITE_RECURSION = YES;
				CLANG_WARN_INT_CONVERSION = YES;
				CLANG_WARN_NON_LITERAL_NULL_CONVERSION = YES;
				CLANG_WARN_OBJC_IMPLICIT_RETAIN_SELF = YES;
				CLANG_WARN_OBJC_LITERAL_CONVERSION = YES;
				CLANG_WARN_OBJC_ROOT_CLASS = YES_ERROR;
				CLANG_WARN_QUOTED_INCLUDE_IN_FRAMEWORK_HEADER = YES;
				CLANG_WARN_RANGE_LOOP_ANALYSIS = YES;
				CLANG_WARN_STRICT_PROTOTYPES = YES;
				CLANG_WARN_SUSPICIOUS_MOVE = YES;
				CLANG_WARN_UNGUARDED_AVAILABILITY = YES_AGGRESSIVE;
				CLANG_WARN_UNREACHABLE_CODE = YES;
				CLANG_WARN__DUPLICATE_METHOD_MATCH = YES;
				COPY_PHASE_STRIP = NO;
				DEBUG_INFORMATION_FORMAT = "dwarf-with-dsym";
				ENABLE_NS_ASSERTIONS = NO;
				ENABLE_STRICT_OBJC_MSGSEND = YES;
				ENABLE_USER_SCRIPT_SANDBOXING = YES;
				GCC_C_LANGUAGE_STANDARD = gnu17;
				GCC_NO_COMMON_BLOCKS = YES;
				GCC_WARN_64_TO_32_BIT_CONVERSION = YES;
				GCC_WARN_ABOUT_RETURN_TYPE = YES_ERROR;
				GCC_WARN_UNDECLARED_SELECTOR = YES;
				GCC_WARN_UNINITIALIZED_AUTOS = YES_AGGRESSIVE;
				GCC_WARN_UNUSED_FUNCTION = YES;
				GCC_WARN_UNUSED_VARIABLE = YES;
				IPHONEOS_DEPLOYMENT_TARGET = 17.4;
				LOCALIZATION_PREFERS_STRING_CATALOGS = YES;
				MTL_ENABLE_DEBUG_INFO = NO;
				MTL_FAST_MATH = YES;
				SDKROOT = iphoneos;
				SWIFT_COMPILATION_MODE = wholemodule;
				VALIDATE_PRODUCT = YES;
			};
			name = Release;
		};
		49BD85972BD7DFAA004D71C2 /* Debug */ = {
			isa = XCBuildConfiguration;
			buildSettings = {
				ASSETCATALOG_COMPILER_APPICON_NAME = AppIcon;
				ASSETCATALOG_COMPILER_GLOBAL_ACCENT_COLOR_NAME = AccentColor;
				CODE_SIGN_STYLE = Automatic;
				CURRENT_PROJECT_VERSION = 1;
				DEVELOPMENT_TEAM = FGLNQCXCYN;
				GENERATE_INFOPLIST_FILE = YES;
				INFOPLIST_FILE = SportNews/Info.plist;
				INFOPLIST_KEY_CFBundleDisplayName = "Footy News - New soccer news";
				INFOPLIST_KEY_NSUserTrackingUsageDescription = "\"Please allow so we can serve you personalized ads\"";
				INFOPLIST_KEY_UIApplicationSupportsIndirectInputEvents = YES;
				INFOPLIST_KEY_UILaunchStoryboardName = LaunchScreen;
				INFOPLIST_KEY_UISupportedInterfaceOrientations_iPad = "UIInterfaceOrientationPortrait UIInterfaceOrientationPortraitUpsideDown UIInterfaceOrientationLandscapeLeft UIInterfaceOrientationLandscapeRight";
				INFOPLIST_KEY_UISupportedInterfaceOrientations_iPhone = "UIInterfaceOrientationPortrait UIInterfaceOrientationLandscapeLeft UIInterfaceOrientationLandscapeRight";
				IPHONEOS_DEPLOYMENT_TARGET = 13.0;
				LD_RUNPATH_SEARCH_PATHS = (
					"$(inherited)",
					"@executable_path/Frameworks",
				);
				MARKETING_VERSION = 1.0;
				PRODUCT_BUNDLE_IDENTIFIER = com.footy.news;
				PRODUCT_NAME = "$(TARGET_NAME)";
				SWIFT_EMIT_LOC_STRINGS = YES;
				SWIFT_VERSION = 5.0;
				TARGETED_DEVICE_FAMILY = "1,2";
			};
			name = Debug;
		};
		49BD85982BD7DFAA004D71C2 /* Release */ = {
			isa = XCBuildConfiguration;
			buildSettings = {
				ASSETCATALOG_COMPILER_APPICON_NAME = AppIcon;
				ASSETCATALOG_COMPILER_GLOBAL_ACCENT_COLOR_NAME = AccentColor;
				CODE_SIGN_STYLE = Automatic;
				CURRENT_PROJECT_VERSION = 1;
				DEVELOPMENT_TEAM = FGLNQCXCYN;
				GENERATE_INFOPLIST_FILE = YES;
				INFOPLIST_FILE = SportNews/Info.plist;
				INFOPLIST_KEY_CFBundleDisplayName = "Footy News - New soccer news";
				INFOPLIST_KEY_NSUserTrackingUsageDescription = "\"Please allow so we can serve you personalized ads\"";
				INFOPLIST_KEY_UIApplicationSupportsIndirectInputEvents = YES;
				INFOPLIST_KEY_UILaunchStoryboardName = LaunchScreen;
				INFOPLIST_KEY_UISupportedInterfaceOrientations_iPad = "UIInterfaceOrientationPortrait UIInterfaceOrientationPortraitUpsideDown UIInterfaceOrientationLandscapeLeft UIInterfaceOrientationLandscapeRight";
				INFOPLIST_KEY_UISupportedInterfaceOrientations_iPhone = "UIInterfaceOrientationPortrait UIInterfaceOrientationLandscapeLeft UIInterfaceOrientationLandscapeRight";
				IPHONEOS_DEPLOYMENT_TARGET = 13.0;
				LD_RUNPATH_SEARCH_PATHS = (
					"$(inherited)",
					"@executable_path/Frameworks",
				);
				MARKETING_VERSION = 1.0;
				PRODUCT_BUNDLE_IDENTIFIER = com.footy.news;
				PRODUCT_NAME = "$(TARGET_NAME)";
				SWIFT_EMIT_LOC_STRINGS = YES;
				SWIFT_VERSION = 5.0;
				TARGETED_DEVICE_FAMILY = "1,2";
			};
			name = Release;
		};
/* End XCBuildConfiguration section */

/* Begin XCConfigurationList section */
		49BD857D2BD7DFA9004D71C2 /* Build configuration list for PBXProject "SportNews" */ = {
			isa = XCConfigurationList;
			buildConfigurations = (
				49BD85942BD7DFAA004D71C2 /* Debug */,
				49BD85952BD7DFAA004D71C2 /* Release */,
			);
			defaultConfigurationIsVisible = 0;
			defaultConfigurationName = Release;
		};
		49BD85962BD7DFAA004D71C2 /* Build configuration list for PBXNativeTarget "SportNews" */ = {
			isa = XCConfigurationList;
			buildConfigurations = (
				49BD85972BD7DFAA004D71C2 /* Debug */,
				49BD85982BD7DFAA004D71C2 /* Release */,
			);
			defaultConfigurationIsVisible = 0;
			defaultConfigurationName = Release;
		};
/* End XCConfigurationList section */

/* Begin XCRemoteSwiftPackageReference section */
		49BD859B2BD7E0BA004D71C2 /* XCRemoteSwiftPackageReference "SnapKit" */ = {
			isa = XCRemoteSwiftPackageReference;
			repositoryURL = "https://github.com/SnapKit/SnapKit.git";
			requirement = {
				kind = upToNextMajorVersion;
				minimumVersion = 5.7.1;
			};
		};
/* End XCRemoteSwiftPackageReference section */

/* Begin XCSwiftPackageProductDependency section */
		49BD859C2BD7E0BA004D71C2 /* SnapKit */ = {
			isa = XCSwiftPackageProductDependency;
			package = 49BD859B2BD7E0BA004D71C2 /* XCRemoteSwiftPackageReference "SnapKit" */;
			productName = SnapKit;
		};
/* End XCSwiftPackageProductDependency section */
	};
	rootObject = 49BD857A2BD7DFA9004D71C2 /* Project object */;
}
